// !$*UTF8*$!
{
	archiveVersion = 1;
	classes = {
	};
	objectVersion = 56;
	objects = {

/* Begin PBXBuildFile section */
		E1723B872C496EC500676191 /* exampleApp.swift in Sources */ = {isa = PBXBuildFile; fileRef = E1723B862C496EC500676191 /* exampleApp.swift */; };
		E1723B892C496EC500676191 /* ContentView.swift in Sources */ = {isa = PBXBuildFile; fileRef = E1723B882C496EC500676191 /* ContentView.swift */; };
		E1723B8B2C496EC500676191 /* Assets.xcassets in Resources */ = {isa = PBXBuildFile; fileRef = E1723B8A2C496EC500676191 /* Assets.xcassets */; };
		E1723B8E2C496EC500676191 /* Preview Assets.xcassets in Resources */ = {isa = PBXBuildFile; fileRef = E1723B8D2C496EC500676191 /* Preview Assets.xcassets */; };
		E19915892C4978C7005D6603 /* libcares.dylib in Frameworks */ = {isa = PBXBuildFile; fileRef = E199153F2C4976BE005D6603 /* libcares.dylib */; };
		E199158A2C4978C7005D6603 /* libcrypto.dylib in Frameworks */ = {isa = PBXBuildFile; fileRef = E19915272C4976BE005D6603 /* libcrypto.dylib */; };
		E199158B2C4978C7005D6603 /* libjson.dylib in Frameworks */ = {isa = PBXBuildFile; fileRef = E19915402C4976BE005D6603 /* libjson.dylib */; };
		E199158C2C4978C7005D6603 /* libminizip.dylib in Frameworks */ = {isa = PBXBuildFile; fileRef = E19915462C4976BE005D6603 /* libminizip.dylib */; };
		E199158D2C4978C7005D6603 /* libssl.dylib in Frameworks */ = {isa = PBXBuildFile; fileRef = E19915222C4976BE005D6603 /* libssl.dylib */; };
		E199158E2C4978C7005D6603 /* libzoombase_crypto_shared.dylib in Frameworks */ = {isa = PBXBuildFile; fileRef = E19915392C4976BE005D6603 /* libzoombase_crypto_shared.dylib */; };
		E199158F2C4978C7005D6603 /* ZMDB.framework in Frameworks */ = {isa = PBXBuildFile; fileRef = E199152E2C4976BE005D6603 /* ZMDB.framework */; };
		E19915902C4978C7005D6603 /* ZMVideoSDK.framework in Frameworks */ = {isa = PBXBuildFile; fileRef = E199153C2C4976BE005D6603 /* ZMVideoSDK.framework */; };
/* End PBXBuildFile section */

/* Begin PBXFileReference section */
		E1723B832C496EC500676191 /* example.app */ = {isa = PBXFileReference; explicitFileType = wrapper.application; includeInIndex = 0; path = example.app; sourceTree = BUILT_PRODUCTS_DIR; };
		E1723B862C496EC500676191 /* exampleApp.swift */ = {isa = PBXFileReference; lastKnownFileType = sourcecode.swift; path = exampleApp.swift; sourceTree = "<group>"; };
		E1723B882C496EC500676191 /* ContentView.swift */ = {isa = PBXFileReference; lastKnownFileType = sourcecode.swift; path = ContentView.swift; sourceTree = "<group>"; };
		E1723B8A2C496EC500676191 /* Assets.xcassets */ = {isa = PBXFileReference; lastKnownFileType = folder.assetcatalog; path = Assets.xcassets; sourceTree = "<group>"; };
		E1723B8D2C496EC500676191 /* Preview Assets.xcassets */ = {isa = PBXFileReference; lastKnownFileType = folder.assetcatalog; path = "Preview Assets.xcassets"; sourceTree = "<group>"; };
		E1723B8F2C496EC500676191 /* example.entitlements */ = {isa = PBXFileReference; lastKnownFileType = text.plist.entitlements; path = example.entitlements; sourceTree = "<group>"; };
		E19915212C4976BE005D6603 /* ZoomVideoSDKMeetingBridge.framework */ = {isa = PBXFileReference; lastKnownFileType = wrapper.framework; name = ZoomVideoSDKMeetingBridge.framework; path = ZoomVideoSDK/ZoomVideoSDKMeetingBridge.framework; sourceTree = "<group>"; };
		E19915222C4976BE005D6603 /* libssl.dylib */ = {isa = PBXFileReference; lastKnownFileType = "compiled.mach-o.dylib"; name = libssl.dylib; path = ZoomVideoSDK/libssl.dylib; sourceTree = "<group>"; };
		E19915232C4976BE005D6603 /* ssb_sdk.bundle */ = {isa = PBXFileReference; lastKnownFileType = "wrapper.plug-in"; name = ssb_sdk.bundle; path = ZoomVideoSDK/ssb_sdk.bundle; sourceTree = "<group>"; };
		E19915242C4976BE005D6603 /* viper.framework */ = {isa = PBXFileReference; lastKnownFileType = wrapper.framework; name = viper.framework; path = ZoomVideoSDK/viper.framework; sourceTree = "<group>"; };
		E19915252C4976BE005D6603 /* libmpg123_mac.bundle */ = {isa = PBXFileReference; lastKnownFileType = "wrapper.plug-in"; name = libmpg123_mac.bundle; path = ZoomVideoSDK/libmpg123_mac.bundle; sourceTree = "<group>"; };
		E19915262C4976BE005D6603 /* mcm.bundle */ = {isa = PBXFileReference; lastKnownFileType = "wrapper.plug-in"; name = mcm.bundle; path = ZoomVideoSDK/mcm.bundle; sourceTree = "<group>"; };
		E19915272C4976BE005D6603 /* libcrypto.dylib */ = {isa = PBXFileReference; lastKnownFileType = "compiled.mach-o.dylib"; name = libcrypto.dylib; path = ZoomVideoSDK/libcrypto.dylib; sourceTree = "<group>"; };
		E19915282C4976BE005D6603 /* zConfCallbackDispatcher.framework */ = {isa = PBXFileReference; lastKnownFileType = wrapper.framework; name = zConfCallbackDispatcher.framework; path = ZoomVideoSDK/zConfCallbackDispatcher.framework; sourceTree = "<group>"; };
		E19915292C4976BE005D6603 /* ZoomTask.framework */ = {isa = PBXFileReference; lastKnownFileType = wrapper.framework; name = ZoomTask.framework; path = ZoomVideoSDK/ZoomTask.framework; sourceTree = "<group>"; };
		E199152A2C4976BE005D6603 /* protobuf.framework */ = {isa = PBXFileReference; lastKnownFileType = wrapper.framework; name = protobuf.framework; path = ZoomVideoSDK/protobuf.framework; sourceTree = "<group>"; };
		E199152B2C4976BE005D6603 /* zData.bundle */ = {isa = PBXFileReference; lastKnownFileType = "wrapper.plug-in"; name = zData.bundle; path = ZoomVideoSDK/zData.bundle; sourceTree = "<group>"; };
		E199152C2C4976BE005D6603 /* VideoSDK.dylib */ = {isa = PBXFileReference; lastKnownFileType = "compiled.mach-o.dylib"; name = VideoSDK.dylib; path = ZoomVideoSDK/VideoSDK.dylib; sourceTree = "<group>"; };
		E199152D2C4976BE005D6603 /* zlt.bundle */ = {isa = PBXFileReference; lastKnownFileType = "wrapper.plug-in"; name = zlt.bundle; path = ZoomVideoSDK/zlt.bundle; sourceTree = "<group>"; };
		E199152E2C4976BE005D6603 /* ZMDB.framework */ = {isa = PBXFileReference; lastKnownFileType = wrapper.framework; name = ZMDB.framework; path = ZoomVideoSDK/ZMDB.framework; sourceTree = "<group>"; };
		E199152F2C4976BE005D6603 /* CodeResources */ = {isa = PBXFileReference; lastKnownFileType = text.xml; path = CodeResources; sourceTree = "<group>"; };
		E19915312C4976BE005D6603 /* ZoomAudioDevice */ = {isa = PBXFileReference; lastKnownFileType = "compiled.mach-o.bundle"; path = ZoomAudioDevice; sourceTree = "<group>"; };
		E19915332C4976BE005D6603 /* Localizable.strings */ = {isa = PBXFileReference; lastKnownFileType = text.plist.strings; path = Localizable.strings; sourceTree = "<group>"; };
		E19915342C4976BE005D6603 /* ZoomAudioIcon.icns */ = {isa = PBXFileReference; lastKnownFileType = image.icns; path = ZoomAudioIcon.icns; sourceTree = "<group>"; };
		E19915362C4976BE005D6603 /* Info.plist */ = {isa = PBXFileReference; lastKnownFileType = text.plist.xml; path = Info.plist; sourceTree = "<group>"; };
		E19915392C4976BE005D6603 /* libzoombase_crypto_shared.dylib */ = {isa = PBXFileReference; lastKnownFileType = "compiled.mach-o.dylib"; name = libzoombase_crypto_shared.dylib; path = ZoomVideoSDK/libzoombase_crypto_shared.dylib; sourceTree = "<group>"; };
		E199153A2C4976BE005D6603 /* zNetUtils.framework */ = {isa = PBXFileReference; lastKnownFileType = wrapper.framework; name = zNetUtils.framework; path = ZoomVideoSDK/zNetUtils.framework; sourceTree = "<group>"; };
		E199153B2C4976BE005D6603 /* CptHost.app */ = {isa = PBXFileReference; lastKnownFileType = wrapper.application; name = CptHost.app; path = ZoomVideoSDK/CptHost.app; sourceTree = "<group>"; };
		E199153C2C4976BE005D6603 /* ZMVideoSDK.framework */ = {isa = PBXFileReference; lastKnownFileType = wrapper.framework; name = ZMVideoSDK.framework; path = ZoomVideoSDK/ZMVideoSDK.framework; sourceTree = "<group>"; };
		E199153D2C4976BE005D6603 /* tp.framework */ = {isa = PBXFileReference; lastKnownFileType = wrapper.framework; name = tp.framework; path = ZoomVideoSDK/tp.framework; sourceTree = "<group>"; };
		E199153E2C4976BE005D6603 /* cmmlib.framework */ = {isa = PBXFileReference; lastKnownFileType = wrapper.framework; name = cmmlib.framework; path = ZoomVideoSDK/cmmlib.framework; sourceTree = "<group>"; };
		E199153F2C4976BE005D6603 /* libcares.dylib */ = {isa = PBXFileReference; lastKnownFileType = "compiled.mach-o.dylib"; name = libcares.dylib; path = ZoomVideoSDK/libcares.dylib; sourceTree = "<group>"; };
		E19915402C4976BE005D6603 /* libjson.dylib */ = {isa = PBXFileReference; lastKnownFileType = "compiled.mach-o.dylib"; name = libjson.dylib; path = ZoomVideoSDK/libjson.dylib; sourceTree = "<group>"; };
		E19915412C4976BE005D6603 /* zWebService.bundle */ = {isa = PBXFileReference; lastKnownFileType = "wrapper.plug-in"; name = zWebService.bundle; path = ZoomVideoSDK/zWebService.bundle; sourceTree = "<group>"; };
		E19915422C4976BE005D6603 /* annoter.bundle */ = {isa = PBXFileReference; lastKnownFileType = "wrapper.plug-in"; name = annoter.bundle; path = ZoomVideoSDK/annoter.bundle; sourceTree = "<group>"; };
		E19915432C4976BE005D6603 /* aomagent.bundle */ = {isa = PBXFileReference; lastKnownFileType = "wrapper.plug-in"; name = aomagent.bundle; path = ZoomVideoSDK/aomagent.bundle; sourceTree = "<group>"; };
		E19915442C4976BE005D6603 /* zVideoApp.bundle */ = {isa = PBXFileReference; lastKnownFileType = "wrapper.plug-in"; name = zVideoApp.bundle; path = ZoomVideoSDK/zVideoApp.bundle; sourceTree = "<group>"; };
		E19915452C4976BE005D6603 /* util.framework */ = {isa = PBXFileReference; lastKnownFileType = wrapper.framework; name = util.framework; path = ZoomVideoSDK/util.framework; sourceTree = "<group>"; };
		E19915462C4976BE005D6603 /* libminizip.dylib */ = {isa = PBXFileReference; lastKnownFileType = "compiled.mach-o.dylib"; name = libminizip.dylib; path = ZoomVideoSDK/libminizip.dylib; sourceTree = "<group>"; };
		E19915472C4976BE005D6603 /* xmpp_framework.framework */ = {isa = PBXFileReference; lastKnownFileType = wrapper.framework; name = xmpp_framework.framework; path = ZoomVideoSDK/xmpp_framework.framework; sourceTree = "<group>"; };
		E19915482C4976BE005D6603 /* nydus.framework */ = {isa = PBXFileReference; lastKnownFileType = wrapper.framework; name = nydus.framework; path = ZoomVideoSDK/nydus.framework; sourceTree = "<group>"; };
		E19915492C4976BE005D6603 /* cmmbiz.framework */ = {isa = PBXFileReference; lastKnownFileType = wrapper.framework; name = cmmbiz.framework; path = ZoomVideoSDK/cmmbiz.framework; sourceTree = "<group>"; };
		E199154A2C4976BE005D6603 /* capHost.app */ = {isa = PBXFileReference; lastKnownFileType = wrapper.application; name = capHost.app; path = ZoomVideoSDK/capHost.app; sourceTree = "<group>"; };
		E199154B2C4976BE005D6603 /* curl64.framework */ = {isa = PBXFileReference; lastKnownFileType = wrapper.framework; name = curl64.framework; path = ZoomVideoSDK/curl64.framework; sourceTree = "<group>"; };
		E199154C2C4976BE005D6603 /* aomhost.app */ = {isa = PBXFileReference; lastKnownFileType = wrapper.application; name = aomhost.app; path = ZoomVideoSDK/aomhost.app; sourceTree = "<group>"; };
/* End PBXFileReference section */

/* Begin PBXFrameworksBuildPhase section */
		E1723B802C496EC400676191 /* Frameworks */ = {
			isa = PBXFrameworksBuildPhase;
			buildActionMask = 2147483647;
			files = (
				E19915892C4978C7005D6603 /* libcares.dylib in Frameworks */,
				E199158A2C4978C7005D6603 /* libcrypto.dylib in Frameworks */,
				E199158B2C4978C7005D6603 /* libjson.dylib in Frameworks */,
				E199158C2C4978C7005D6603 /* libminizip.dylib in Frameworks */,
				E199158D2C4978C7005D6603 /* libssl.dylib in Frameworks */,
				E199158E2C4978C7005D6603 /* libzoombase_crypto_shared.dylib in Frameworks */,
				E199158F2C4978C7005D6603 /* ZMDB.framework in Frameworks */,
				E19915902C4978C7005D6603 /* ZMVideoSDK.framework in Frameworks */,
			);
			runOnlyForDeploymentPostprocessing = 0;
		};
/* End PBXFrameworksBuildPhase section */

/* Begin PBXGroup section */
		E1723B7A2C496EC400676191 = {
			isa = PBXGroup;
			children = (
				E1723B852C496EC500676191 /* example */,
				E1723B842C496EC500676191 /* Products */,
				E19915202C4976BE005D6603 /* Frameworks */,
			);
			sourceTree = "<group>";
		};
		E1723B842C496EC500676191 /* Products */ = {
			isa = PBXGroup;
			children = (
				E1723B832C496EC500676191 /* example.app */,
			);
			name = Products;
			sourceTree = "<group>";
		};
		E1723B852C496EC500676191 /* example */ = {
			isa = PBXGroup;
			children = (
				E1723B862C496EC500676191 /* exampleApp.swift */,
				E1723B882C496EC500676191 /* ContentView.swift */,
				E1723B8A2C496EC500676191 /* Assets.xcassets */,
				E1723B8F2C496EC500676191 /* example.entitlements */,
				E1723B8C2C496EC500676191 /* Preview Content */,
			);
			path = example;
			sourceTree = "<group>";
		};
		E1723B8C2C496EC500676191 /* Preview Content */ = {
			isa = PBXGroup;
			children = (
				E1723B8D2C496EC500676191 /* Preview Assets.xcassets */,
			);
			path = "Preview Content";
			sourceTree = "<group>";
		};
		E19915202C4976BE005D6603 /* Frameworks */ = {
			isa = PBXGroup;
			children = (
				E19915422C4976BE005D6603 /* annoter.bundle */,
				E19915432C4976BE005D6603 /* aomagent.bundle */,
				E199154C2C4976BE005D6603 /* aomhost.app */,
				E199154A2C4976BE005D6603 /* capHost.app */,
				E19915492C4976BE005D6603 /* cmmbiz.framework */,
				E199153E2C4976BE005D6603 /* cmmlib.framework */,
				E199153B2C4976BE005D6603 /* CptHost.app */,
				E199154B2C4976BE005D6603 /* curl64.framework */,
				E199153F2C4976BE005D6603 /* libcares.dylib */,
				E19915272C4976BE005D6603 /* libcrypto.dylib */,
				E19915402C4976BE005D6603 /* libjson.dylib */,
				E19915462C4976BE005D6603 /* libminizip.dylib */,
				E19915252C4976BE005D6603 /* libmpg123_mac.bundle */,
				E19915222C4976BE005D6603 /* libssl.dylib */,
				E19915392C4976BE005D6603 /* libzoombase_crypto_shared.dylib */,
				E19915262C4976BE005D6603 /* mcm.bundle */,
				E19915482C4976BE005D6603 /* nydus.framework */,
				E199152A2C4976BE005D6603 /* protobuf.framework */,
				E19915232C4976BE005D6603 /* ssb_sdk.bundle */,
				E199153D2C4976BE005D6603 /* tp.framework */,
				E19915452C4976BE005D6603 /* util.framework */,
				E199152C2C4976BE005D6603 /* VideoSDK.dylib */,
				E19915242C4976BE005D6603 /* viper.framework */,
				E19915472C4976BE005D6603 /* xmpp_framework.framework */,
				E19915282C4976BE005D6603 /* zConfCallbackDispatcher.framework */,
				E199152B2C4976BE005D6603 /* zData.bundle */,
				E199152D2C4976BE005D6603 /* zlt.bundle */,
				E199152E2C4976BE005D6603 /* ZMDB.framework */,
				E199153C2C4976BE005D6603 /* ZMVideoSDK.framework */,
				E199153A2C4976BE005D6603 /* zNetUtils.framework */,
				E19915382C4976BE005D6603 /* ZoomAudioDevice.driver */,
				E19915292C4976BE005D6603 /* ZoomTask.framework */,
				E19915212C4976BE005D6603 /* ZoomVideoSDKMeetingBridge.framework */,
				E19915442C4976BE005D6603 /* zVideoApp.bundle */,
				E19915412C4976BE005D6603 /* zWebService.bundle */,
			);
			name = Frameworks;
			sourceTree = "<group>";
		};
		E19915302C4976BE005D6603 /* _CodeSignature */ = {
			isa = PBXGroup;
			children = (
				E199152F2C4976BE005D6603 /* CodeResources */,
			);
			path = _CodeSignature;
			sourceTree = "<group>";
		};
		E19915322C4976BE005D6603 /* MacOS */ = {
			isa = PBXGroup;
			children = (
				E19915312C4976BE005D6603 /* ZoomAudioDevice */,
			);
			path = MacOS;
			sourceTree = "<group>";
		};
		E19915352C4976BE005D6603 /* Resources */ = {
			isa = PBXGroup;
			children = (
				E19915332C4976BE005D6603 /* Localizable.strings */,
				E19915342C4976BE005D6603 /* ZoomAudioIcon.icns */,
			);
			path = Resources;
			sourceTree = "<group>";
		};
		E19915372C4976BE005D6603 /* Contents */ = {
			isa = PBXGroup;
			children = (
				E19915302C4976BE005D6603 /* _CodeSignature */,
				E19915322C4976BE005D6603 /* MacOS */,
				E19915352C4976BE005D6603 /* Resources */,
				E19915362C4976BE005D6603 /* Info.plist */,
			);
			path = Contents;
			sourceTree = "<group>";
		};
		E19915382C4976BE005D6603 /* ZoomAudioDevice.driver */ = {
			isa = PBXGroup;
			children = (
				E19915372C4976BE005D6603 /* Contents */,
			);
			name = ZoomAudioDevice.driver;
			path = ZoomVideoSDK/ZoomAudioDevice.driver;
			sourceTree = "<group>";
		};
/* End PBXGroup section */

/* Begin PBXNativeTarget section */
		E1723B822C496EC400676191 /* example */ = {
			isa = PBXNativeTarget;
			buildConfigurationList = E1723B922C496EC500676191 /* Build configuration list for PBXNativeTarget "example" */;
			buildPhases = (
				E1723B7F2C496EC400676191 /* Sources */,
				E1723B802C496EC400676191 /* Frameworks */,
				E1723B812C496EC400676191 /* Resources */,
			);
			buildRules = (
			);
			dependencies = (
			);
			name = example;
			productName = example;
			productReference = E1723B832C496EC500676191 /* example.app */;
			productType = "com.apple.product-type.application";
		};
/* End PBXNativeTarget section */

/* Begin PBXProject section */
		E1723B7B2C496EC400676191 /* Project object */ = {
			isa = PBXProject;
			attributes = {
				BuildIndependentTargetsInParallel = 1;
				LastSwiftUpdateCheck = 1540;
				LastUpgradeCheck = 1540;
				TargetAttributes = {
					E1723B822C496EC400676191 = {
						CreatedOnToolsVersion = 15.4;
					};
				};
			};
			buildConfigurationList = E1723B7E2C496EC400676191 /* Build configuration list for PBXProject "example" */;
			compatibilityVersion = "Xcode 14.0";
			developmentRegion = en;
			hasScannedForEncodings = 0;
			knownRegions = (
				en,
				Base,
			);
			mainGroup = E1723B7A2C496EC400676191;
			productRefGroup = E1723B842C496EC500676191 /* Products */;
			projectDirPath = "";
			projectRoot = "";
			targets = (
				E1723B822C496EC400676191 /* example */,
			);
		};
/* End PBXProject section */

/* Begin PBXResourcesBuildPhase section */
		E1723B812C496EC400676191 /* Resources */ = {
			isa = PBXResourcesBuildPhase;
			buildActionMask = 2147483647;
			files = (
				E1723B8E2C496EC500676191 /* Preview Assets.xcassets in Resources */,
				E1723B8B2C496EC500676191 /* Assets.xcassets in Resources */,
			);
			runOnlyForDeploymentPostprocessing = 0;
		};
/* End PBXResourcesBuildPhase section */

/* Begin PBXSourcesBuildPhase section */
		E1723B7F2C496EC400676191 /* Sources */ = {
			isa = PBXSourcesBuildPhase;
			buildActionMask = 2147483647;
			files = (
				E1723B892C496EC500676191 /* ContentView.swift in Sources */,
				E1723B872C496EC500676191 /* exampleApp.swift in Sources */,
			);
			runOnlyForDeploymentPostprocessing = 0;
		};
/* End PBXSourcesBuildPhase section */

/* Begin XCBuildConfiguration section */
		E1723B902C496EC500676191 /* Debug */ = {
			isa = XCBuildConfiguration;
			buildSettings = {
				ALWAYS_SEARCH_USER_PATHS = NO;
				ASSETCATALOG_COMPILER_GENERATE_SWIFT_ASSET_SYMBOL_EXTENSIONS = YES;
				CLANG_ANALYZER_NONNULL = YES;
				CLANG_ANALYZER_NUMBER_OBJECT_CONVERSION = YES_AGGRESSIVE;
				CLANG_CXX_LANGUAGE_STANDARD = "gnu++20";
				CLANG_ENABLE_MODULES = YES;
				CLANG_ENABLE_OBJC_ARC = YES;
				CLANG_ENABLE_OBJC_WEAK = YES;
				CLANG_WARN_BLOCK_CAPTURE_AUTORELEASING = YES;
				CLANG_WARN_BOOL_CONVERSION = YES;
				CLANG_WARN_COMMA = YES;
				CLANG_WARN_CONSTANT_CONVERSION = YES;
				CLANG_WARN_DEPRECATED_OBJC_IMPLEMENTATIONS = YES;
				CLANG_WARN_DIRECT_OBJC_ISA_USAGE = YES_ERROR;
				CLANG_WARN_DOCUMENTATION_COMMENTS = YES;
				CLANG_WARN_EMPTY_BODY = YES;
				CLANG_WARN_ENUM_CONVERSION = YES;
				CLANG_WARN_INFINITE_RECURSION = YES;
				CLANG_WARN_INT_CONVERSION = YES;
				CLANG_WARN_NON_LITERAL_NULL_CONVERSION = YES;
				CLANG_WARN_OBJC_IMPLICIT_RETAIN_SELF = YES;
				CLANG_WARN_OBJC_LITERAL_CONVERSION = YES;
				CLANG_WARN_OBJC_ROOT_CLASS = YES_ERROR;
				CLANG_WARN_QUOTED_INCLUDE_IN_FRAMEWORK_HEADER = YES;
				CLANG_WARN_RANGE_LOOP_ANALYSIS = YES;
				CLANG_WARN_STRICT_PROTOTYPES = YES;
				CLANG_WARN_SUSPICIOUS_MOVE = YES;
				CLANG_WARN_UNGUARDED_AVAILABILITY = YES_AGGRESSIVE;
				CLANG_WARN_UNREACHABLE_CODE = YES;
				CLANG_WARN__DUPLICATE_METHOD_MATCH = YES;
				COPY_PHASE_STRIP = NO;
				DEBUG_INFORMATION_FORMAT = dwarf;
				ENABLE_STRICT_OBJC_MSGSEND = YES;
				ENABLE_TESTABILITY = YES;
				ENABLE_USER_SCRIPT_SANDBOXING = YES;
				GCC_C_LANGUAGE_STANDARD = gnu17;
				GCC_DYNAMIC_NO_PIC = NO;
				GCC_NO_COMMON_BLOCKS = YES;
				GCC_OPTIMIZATION_LEVEL = 0;
				GCC_PREPROCESSOR_DEFINITIONS = (
					"DEBUG=1",
					"$(inherited)",
				);
				GCC_WARN_64_TO_32_BIT_CONVERSION = YES;
				GCC_WARN_ABOUT_RETURN_TYPE = YES_ERROR;
				GCC_WARN_UNDECLARED_SELECTOR = YES;
				GCC_WARN_UNINITIALIZED_AUTOS = YES_AGGRESSIVE;
				GCC_WARN_UNUSED_FUNCTION = YES;
				GCC_WARN_UNUSED_VARIABLE = YES;
				LOCALIZATION_PREFERS_STRING_CATALOGS = YES;
				MACOSX_DEPLOYMENT_TARGET = 14.5;
				MTL_ENABLE_DEBUG_INFO = INCLUDE_SOURCE;
				MTL_FAST_MATH = YES;
				ONLY_ACTIVE_ARCH = YES;
				SDKROOT = macosx;
				SWIFT_ACTIVE_COMPILATION_CONDITIONS = "DEBUG $(inherited)";
				SWIFT_OPTIMIZATION_LEVEL = "-Onone";
			};
			name = Debug;
		};
		E1723B912C496EC500676191 /* Release */ = {
			isa = XCBuildConfiguration;
			buildSettings = {
				ALWAYS_SEARCH_USER_PATHS = NO;
				ASSETCATALOG_COMPILER_GENERATE_SWIFT_ASSET_SYMBOL_EXTENSIONS = YES;
				CLANG_ANALYZER_NONNULL = YES;
				CLANG_ANALYZER_NUMBER_OBJECT_CONVERSION = YES_AGGRESSIVE;
				CLANG_CXX_LANGUAGE_STANDARD = "gnu++20";
				CLANG_ENABLE_MODULES = YES;
				CLANG_ENABLE_OBJC_ARC = YES;
				CLANG_ENABLE_OBJC_WEAK = YES;
				CLANG_WARN_BLOCK_CAPTURE_AUTORELEASING = YES;
				CLANG_WARN_BOOL_CONVERSION = YES;
				CLANG_WARN_COMMA = YES;
				CLANG_WARN_CONSTANT_CONVERSION = YES;
				CLANG_WARN_DEPRECATED_OBJC_IMPLEMENTATIONS = YES;
				CLANG_WARN_DIRECT_OBJC_ISA_USAGE = YES_ERROR;
				CLANG_WARN_DOCUMENTATION_COMMENTS = YES;
				CLANG_WARN_EMPTY_BODY = YES;
				CLANG_WARN_ENUM_CONVERSION = YES;
				CLANG_WARN_INFINITE_RECURSION = YES;
				CLANG_WARN_INT_CONVERSION = YES;
				CLANG_WARN_NON_LITERAL_NULL_CONVERSION = YES;
				CLANG_WARN_OBJC_IMPLICIT_RETAIN_SELF = YES;
				CLANG_WARN_OBJC_LITERAL_CONVERSION = YES;
				CLANG_WARN_OBJC_ROOT_CLASS = YES_ERROR;
				CLANG_WARN_QUOTED_INCLUDE_IN_FRAMEWORK_HEADER = YES;
				CLANG_WARN_RANGE_LOOP_ANALYSIS = YES;
				CLANG_WARN_STRICT_PROTOTYPES = YES;
				CLANG_WARN_SUSPICIOUS_MOVE = YES;
				CLANG_WARN_UNGUARDED_AVAILABILITY = YES_AGGRESSIVE;
				CLANG_WARN_UNREACHABLE_CODE = YES;
				CLANG_WARN__DUPLICATE_METHOD_MATCH = YES;
				COPY_PHASE_STRIP = NO;
				DEBUG_INFORMATION_FORMAT = "dwarf-with-dsym";
				ENABLE_NS_ASSERTIONS = NO;
				ENABLE_STRICT_OBJC_MSGSEND = YES;
				ENABLE_USER_SCRIPT_SANDBOXING = YES;
				GCC_C_LANGUAGE_STANDARD = gnu17;
				GCC_NO_COMMON_BLOCKS = YES;
				GCC_WARN_64_TO_32_BIT_CONVERSION = YES;
				GCC_WARN_ABOUT_RETURN_TYPE = YES_ERROR;
				GCC_WARN_UNDECLARED_SELECTOR = YES;
				GCC_WARN_UNINITIALIZED_AUTOS = YES_AGGRESSIVE;
				GCC_WARN_UNUSED_FUNCTION = YES;
				GCC_WARN_UNUSED_VARIABLE = YES;
				LOCALIZATION_PREFERS_STRING_CATALOGS = YES;
				MACOSX_DEPLOYMENT_TARGET = 14.5;
				MTL_ENABLE_DEBUG_INFO = NO;
				MTL_FAST_MATH = YES;
				SDKROOT = macosx;
				SWIFT_COMPILATION_MODE = wholemodule;
			};
			name = Release;
		};
		E1723B932C496EC500676191 /* Debug */ = {
			isa = XCBuildConfiguration;
			buildSettings = {
				ASSETCATALOG_COMPILER_APPICON_NAME = AppIcon;
				ASSETCATALOG_COMPILER_GLOBAL_ACCENT_COLOR_NAME = AccentColor;
				CODE_SIGN_ENTITLEMENTS = example/example.entitlements;
				CODE_SIGN_STYLE = Automatic;
				COMBINE_HIDPI_IMAGES = YES;
				CURRENT_PROJECT_VERSION = 1;
				DEVELOPMENT_ASSET_PATHS = "\"example/Preview Content\"";
				DEVELOPMENT_TEAM = EX6YK9HKXA;
				ENABLE_HARDENED_RUNTIME = YES;
				ENABLE_PREVIEWS = YES;
				FRAMEWORK_SEARCH_PATHS = (
					"$(inherited)",
					"$(PROJECT_DIR)/ZoomVideoSDK",
				);
				GENERATE_INFOPLIST_FILE = YES;
				INFOPLIST_KEY_NSHumanReadableCopyright = "";
				LD_RUNPATH_SEARCH_PATHS = (
					"$(inherited)",
					"@executable_path/../Frameworks",
				);
				LIBRARY_SEARCH_PATHS = (
					"$(inherited)",
					"$(PROJECT_DIR)/ZoomVideoSDK",
				);
				MARKETING_VERSION = 1.0;
				PRODUCT_BUNDLE_IDENTIFIER = com.richardpiazza.example;
				PRODUCT_NAME = "$(TARGET_NAME)";
				SWIFT_EMIT_LOC_STRINGS = YES;
				SWIFT_VERSION = 5.0;
			};
			name = Debug;
		};
		E1723B942C496EC500676191 /* Release */ = {
			isa = XCBuildConfiguration;
			buildSettings = {
				ASSETCATALOG_COMPILER_APPICON_NAME = AppIcon;
				ASSETCATALOG_COMPILER_GLOBAL_ACCENT_COLOR_NAME = AccentColor;
				CODE_SIGN_ENTITLEMENTS = example/example.entitlements;
				CODE_SIGN_STYLE = Automatic;
				COMBINE_HIDPI_IMAGES = YES;
				CURRENT_PROJECT_VERSION = 1;
				DEVELOPMENT_ASSET_PATHS = "\"example/Preview Content\"";
				DEVELOPMENT_TEAM = EX6YK9HKXA;
				ENABLE_HARDENED_RUNTIME = YES;
				ENABLE_PREVIEWS = YES;
				FRAMEWORK_SEARCH_PATHS = (
					"$(inherited)",
					"$(PROJECT_DIR)/ZoomVideoSDK",
				);
				GENERATE_INFOPLIST_FILE = YES;
				INFOPLIST_KEY_NSHumanReadableCopyright = "";
				LD_RUNPATH_SEARCH_PATHS = (
					"$(inherited)",
					"@executable_path/../Frameworks",
				);
				LIBRARY_SEARCH_PATHS = (
					"$(inherited)",
					"$(PROJECT_DIR)/ZoomVideoSDK",
				);
				MARKETING_VERSION = 1.0;
				PRODUCT_BUNDLE_IDENTIFIER = com.richardpiazza.example;
				PRODUCT_NAME = "$(TARGET_NAME)";
				SWIFT_EMIT_LOC_STRINGS = YES;
				SWIFT_VERSION = 5.0;
			};
			name = Release;
		};
/* End XCBuildConfiguration section */

/* Begin XCConfigurationList section */
		E1723B7E2C496EC400676191 /* Build configuration list for PBXProject "example" */ = {
			isa = XCConfigurationList;
			buildConfigurations = (
				E1723B902C496EC500676191 /* Debug */,
				E1723B912C496EC500676191 /* Release */,
			);
			defaultConfigurationIsVisible = 0;
			defaultConfigurationName = Release;
		};
		E1723B922C496EC500676191 /* Build configuration list for PBXNativeTarget "example" */ = {
			isa = XCConfigurationList;
			buildConfigurations = (
				E1723B932C496EC500676191 /* Debug */,
				E1723B942C496EC500676191 /* Release */,
			);
			defaultConfigurationIsVisible = 0;
			defaultConfigurationName = Release;
		};
/* End XCConfigurationList section */
	};
	rootObject = E1723B7B2C496EC400676191 /* Project object */;
}
